// !$*UTF8*$!
{
	archiveVersion = 1;
	classes = {
	};
	objectVersion = 46;
	objects = {

/* Begin PBXBuildFile section */
		7E46BA101EAC6FCA0071A59F /* AppDelegate.swift in Sources */ = {isa = PBXBuildFile; fileRef = 7E46BA0F1EAC6FCA0071A59F /* AppDelegate.swift */; };
		7E46BA121EAC6FCA0071A59F /* GameScene.sks in Resources */ = {isa = PBXBuildFile; fileRef = 7E46BA111EAC6FCA0071A59F /* GameScene.sks */; };
		7E46BA141EAC6FCA0071A59F /* Actions.sks in Resources */ = {isa = PBXBuildFile; fileRef = 7E46BA131EAC6FCA0071A59F /* Actions.sks */; };
		7E46BA161EAC6FCA0071A59F /* GameScene.swift in Sources */ = {isa = PBXBuildFile; fileRef = 7E46BA151EAC6FCA0071A59F /* GameScene.swift */; };
		7E46BA181EAC6FCA0071A59F /* GameViewController.swift in Sources */ = {isa = PBXBuildFile; fileRef = 7E46BA171EAC6FCA0071A59F /* GameViewController.swift */; };
		7E46BA1B1EAC6FCA0071A59F /* Main.storyboard in Resources */ = {isa = PBXBuildFile; fileRef = 7E46BA191EAC6FCA0071A59F /* Main.storyboard */; };
		7E46BA1D1EAC6FCA0071A59F /* Assets.xcassets in Resources */ = {isa = PBXBuildFile; fileRef = 7E46BA1C1EAC6FCA0071A59F /* Assets.xcassets */; };
		7E46BA201EAC6FCA0071A59F /* LaunchScreen.storyboard in Resources */ = {isa = PBXBuildFile; fileRef = 7E46BA1E1EAC6FCA0071A59F /* LaunchScreen.storyboard */; };
		7E46BA2B1EAC6FCB0071A59F /* FolledoHCCCPongTests.swift in Sources */ = {isa = PBXBuildFile; fileRef = 7E46BA2A1EAC6FCB0071A59F /* FolledoHCCCPongTests.swift */; };
		7E46BA361EAC6FCB0071A59F /* FolledoHCCCPongUITests.swift in Sources */ = {isa = PBXBuildFile; fileRef = 7E46BA351EAC6FCB0071A59F /* FolledoHCCCPongUITests.swift */; };
/* End PBXBuildFile section */

/* Begin PBXContainerItemProxy section */
		7E46BA271EAC6FCB0071A59F /* PBXContainerItemProxy */ = {
			isa = PBXContainerItemProxy;
			containerPortal = 7E46BA041EAC6FCA0071A59F /* Project object */;
			proxyType = 1;
			remoteGlobalIDString = 7E46BA0B1EAC6FCA0071A59F;
			remoteInfo = FolledoHCCCPong;
		};
		7E46BA321EAC6FCB0071A59F /* PBXContainerItemProxy */ = {
			isa = PBXContainerItemProxy;
			containerPortal = 7E46BA041EAC6FCA0071A59F /* Project object */;
			proxyType = 1;
			remoteGlobalIDString = 7E46BA0B1EAC6FCA0071A59F;
			remoteInfo = FolledoHCCCPong;
		};
/* End PBXContainerItemProxy section */

/* Begin PBXFileReference section */
		7E46BA0C1EAC6FCA0071A59F /* FolledoHCCCPong.app */ = {isa = PBXFileReference; explicitFileType = wrapper.application; includeInIndex = 0; path = FolledoHCCCPong.app; sourceTree = BUILT_PRODUCTS_DIR; };
		7E46BA0F1EAC6FCA0071A59F /* AppDelegate.swift */ = {isa = PBXFileReference; lastKnownFileType = sourcecode.swift; path = AppDelegate.swift; sourceTree = "<group>"; };
		7E46BA111EAC6FCA0071A59F /* GameScene.sks */ = {isa = PBXFileReference; lastKnownFileType = file.sks; path = GameScene.sks; sourceTree = "<group>"; };
		7E46BA131EAC6FCA0071A59F /* Actions.sks */ = {isa = PBXFileReference; lastKnownFileType = file.sks; path = Actions.sks; sourceTree = "<group>"; };
		7E46BA151EAC6FCA0071A59F /* GameScene.swift */ = {isa = PBXFileReference; lastKnownFileType = sourcecode.swift; path = GameScene.swift; sourceTree = "<group>"; };
		7E46BA171EAC6FCA0071A59F /* GameViewController.swift */ = {isa = PBXFileReference; lastKnownFileType = sourcecode.swift; path = GameViewController.swift; sourceTree = "<group>"; };
		7E46BA1A1EAC6FCA0071A59F /* Base */ = {isa = PBXFileReference; lastKnownFileType = file.storyboard; name = Base; path = Base.lproj/Main.storyboard; sourceTree = "<group>"; };
		7E46BA1C1EAC6FCA0071A59F /* Assets.xcassets */ = {isa = PBXFileReference; lastKnownFileType = folder.assetcatalog; path = Assets.xcassets; sourceTree = "<group>"; };
		7E46BA1F1EAC6FCA0071A59F /* Base */ = {isa = PBXFileReference; lastKnownFileType = file.storyboard; name = Base; path = Base.lproj/LaunchScreen.storyboard; sourceTree = "<group>"; };
		7E46BA211EAC6FCA0071A59F /* Info.plist */ = {isa = PBXFileReference; lastKnownFileType = text.plist.xml; path = Info.plist; sourceTree = "<group>"; };
		7E46BA261EAC6FCB0071A59F /* FolledoHCCCPongTests.xctest */ = {isa = PBXFileReference; explicitFileType = wrapper.cfbundle; includeInIndex = 0; path = FolledoHCCCPongTests.xctest; sourceTree = BUILT_PRODUCTS_DIR; };
		7E46BA2A1EAC6FCB0071A59F /* FolledoHCCCPongTests.swift */ = {isa = PBXFileReference; lastKnownFileType = sourcecode.swift; path = FolledoHCCCPongTests.swift; sourceTree = "<group>"; };
		7E46BA2C1EAC6FCB0071A59F /* Info.plist */ = {isa = PBXFileReference; lastKnownFileType = text.plist.xml; path = Info.plist; sourceTree = "<group>"; };
		7E46BA311EAC6FCB0071A59F /* FolledoHCCCPongUITests.xctest */ = {isa = PBXFileReference; explicitFileType = wrapper.cfbundle; includeInIndex = 0; path = FolledoHCCCPongUITests.xctest; sourceTree = BUILT_PRODUCTS_DIR; };
		7E46BA351EAC6FCB0071A59F /* FolledoHCCCPongUITests.swift */ = {isa = PBXFileReference; lastKnownFileType = sourcecode.swift; path = FolledoHCCCPongUITests.swift; sourceTree = "<group>"; };
		7E46BA371EAC6FCB0071A59F /* Info.plist */ = {isa = PBXFileReference; lastKnownFileType = text.plist.xml; path = Info.plist; sourceTree = "<group>"; };
/* End PBXFileReference section */

/* Begin PBXFrameworksBuildPhase section */
		7E46BA091EAC6FCA0071A59F /* Frameworks */ = {
			isa = PBXFrameworksBuildPhase;
			buildActionMask = 2147483647;
			files = (
			);
			runOnlyForDeploymentPostprocessing = 0;
		};
		7E46BA231EAC6FCB0071A59F /* Frameworks */ = {
			isa = PBXFrameworksBuildPhase;
			buildActionMask = 2147483647;
			files = (
			);
			runOnlyForDeploymentPostprocessing = 0;
		};
		7E46BA2E1EAC6FCB0071A59F /* Frameworks */ = {
			isa = PBXFrameworksBuildPhase;
			buildActionMask = 2147483647;
			files = (
			);
			runOnlyForDeploymentPostprocessing = 0;
		};
/* End PBXFrameworksBuildPhase section */

/* Begin PBXGroup section */
		7E46BA031EAC6FCA0071A59F = {
			isa = PBXGroup;
			children = (
				7E46BA0E1EAC6FCA0071A59F /* FolledoHCCCPong */,
				7E46BA291EAC6FCB0071A59F /* FolledoHCCCPongTests */,
				7E46BA341EAC6FCB0071A59F /* FolledoHCCCPongUITests */,
				7E46BA0D1EAC6FCA0071A59F /* Products */,
			);
			sourceTree = "<group>";
		};
		7E46BA0D1EAC6FCA0071A59F /* Products */ = {
			isa = PBXGroup;
			children = (
				7E46BA0C1EAC6FCA0071A59F /* FolledoHCCCPong.app */,
				7E46BA261EAC6FCB0071A59F /* FolledoHCCCPongTests.xctest */,
				7E46BA311EAC6FCB0071A59F /* FolledoHCCCPongUITests.xctest */,
			);
			name = Products;
			sourceTree = "<group>";
		};
		7E46BA0E1EAC6FCA0071A59F /* FolledoHCCCPong */ = {
			isa = PBXGroup;
			children = (
				7E46BA0F1EAC6FCA0071A59F /* AppDelegate.swift */,
				7E46BA111EAC6FCA0071A59F /* GameScene.sks */,
				7E46BA131EAC6FCA0071A59F /* Actions.sks */,
				7E46BA151EAC6FCA0071A59F /* GameScene.swift */,
				7E46BA171EAC6FCA0071A59F /* GameViewController.swift */,
				7E46BA191EAC6FCA0071A59F /* Main.storyboard */,
				7E46BA1C1EAC6FCA0071A59F /* Assets.xcassets */,
				7E46BA1E1EAC6FCA0071A59F /* LaunchScreen.storyboard */,
				7E46BA211EAC6FCA0071A59F /* Info.plist */,
			);
			path = FolledoHCCCPong;
			sourceTree = "<group>";
		};
		7E46BA291EAC6FCB0071A59F /* FolledoHCCCPongTests */ = {
			isa = PBXGroup;
			children = (
				7E46BA2A1EAC6FCB0071A59F /* FolledoHCCCPongTests.swift */,
				7E46BA2C1EAC6FCB0071A59F /* Info.plist */,
			);
			path = FolledoHCCCPongTests;
			sourceTree = "<group>";
		};
		7E46BA341EAC6FCB0071A59F /* FolledoHCCCPongUITests */ = {
			isa = PBXGroup;
			children = (
				7E46BA351EAC6FCB0071A59F /* FolledoHCCCPongUITests.swift */,
				7E46BA371EAC6FCB0071A59F /* Info.plist */,
			);
			path = FolledoHCCCPongUITests;
			sourceTree = "<group>";
		};
/* End PBXGroup section */

/* Begin PBXNativeTarget section */
		7E46BA0B1EAC6FCA0071A59F /* FolledoHCCCPong */ = {
			isa = PBXNativeTarget;
			buildConfigurationList = 7E46BA3A1EAC6FCB0071A59F /* Build configuration list for PBXNativeTarget "FolledoHCCCPong" */;
			buildPhases = (
				7E46BA081EAC6FCA0071A59F /* Sources */,
				7E46BA091EAC6FCA0071A59F /* Frameworks */,
				7E46BA0A1EAC6FCA0071A59F /* Resources */,
			);
			buildRules = (
			);
			dependencies = (
			);
			name = FolledoHCCCPong;
			productName = FolledoHCCCPong;
			productReference = 7E46BA0C1EAC6FCA0071A59F /* FolledoHCCCPong.app */;
			productType = "com.apple.product-type.application";
		};
		7E46BA251EAC6FCB0071A59F /* FolledoHCCCPongTests */ = {
			isa = PBXNativeTarget;
			buildConfigurationList = 7E46BA3D1EAC6FCB0071A59F /* Build configuration list for PBXNativeTarget "FolledoHCCCPongTests" */;
			buildPhases = (
				7E46BA221EAC6FCB0071A59F /* Sources */,
				7E46BA231EAC6FCB0071A59F /* Frameworks */,
				7E46BA241EAC6FCB0071A59F /* Resources */,
			);
			buildRules = (
			);
			dependencies = (
				7E46BA281EAC6FCB0071A59F /* PBXTargetDependency */,
			);
			name = FolledoHCCCPongTests;
			productName = FolledoHCCCPongTests;
			productReference = 7E46BA261EAC6FCB0071A59F /* FolledoHCCCPongTests.xctest */;
			productType = "com.apple.product-type.bundle.unit-test";
		};
		7E46BA301EAC6FCB0071A59F /* FolledoHCCCPongUITests */ = {
			isa = PBXNativeTarget;
			buildConfigurationList = 7E46BA401EAC6FCB0071A59F /* Build configuration list for PBXNativeTarget "FolledoHCCCPongUITests" */;
			buildPhases = (
				7E46BA2D1EAC6FCB0071A59F /* Sources */,
				7E46BA2E1EAC6FCB0071A59F /* Frameworks */,
				7E46BA2F1EAC6FCB0071A59F /* Resources */,
			);
			buildRules = (
			);
			dependencies = (
				7E46BA331EAC6FCB0071A59F /* PBXTargetDependency */,
			);
			name = FolledoHCCCPongUITests;
			productName = FolledoHCCCPongUITests;
			productReference = 7E46BA311EAC6FCB0071A59F /* FolledoHCCCPongUITests.xctest */;
			productType = "com.apple.product-type.bundle.ui-testing";
		};
/* End PBXNativeTarget section */

/* Begin PBXProject section */
		7E46BA041EAC6FCA0071A59F /* Project object */ = {
			isa = PBXProject;
			attributes = {
				LastSwiftUpdateCheck = 0830;
				LastUpgradeCheck = 0830;
				ORGANIZATIONNAME = "Samuel Folledo";
				TargetAttributes = {
					7E46BA0B1EAC6FCA0071A59F = {
						CreatedOnToolsVersion = 8.3.2;
						DevelopmentTeam = 8KSKUH7X29;
						ProvisioningStyle = Automatic;
					};
					7E46BA251EAC6FCB0071A59F = {
						CreatedOnToolsVersion = 8.3.2;
						DevelopmentTeam = 8KSKUH7X29;
						ProvisioningStyle = Automatic;
						TestTargetID = 7E46BA0B1EAC6FCA0071A59F;
					};
					7E46BA301EAC6FCB0071A59F = {
						CreatedOnToolsVersion = 8.3.2;
						DevelopmentTeam = 8KSKUH7X29;
						ProvisioningStyle = Automatic;
						TestTargetID = 7E46BA0B1EAC6FCA0071A59F;
					};
				};
			};
			buildConfigurationList = 7E46BA071EAC6FCA0071A59F /* Build configuration list for PBXProject "FolledoHCCCPong" */;
			compatibilityVersion = "Xcode 3.2";
			developmentRegion = English;
			hasScannedForEncodings = 0;
			knownRegions = (
				en,
				Base,
			);
			mainGroup = 7E46BA031EAC6FCA0071A59F;
			productRefGroup = 7E46BA0D1EAC6FCA0071A59F /* Products */;
			projectDirPath = "";
			projectRoot = "";
			targets = (
				7E46BA0B1EAC6FCA0071A59F /* FolledoHCCCPong */,
				7E46BA251EAC6FCB0071A59F /* FolledoHCCCPongTests */,
				7E46BA301EAC6FCB0071A59F /* FolledoHCCCPongUITests */,
			);
		};
/* End PBXProject section */

/* Begin PBXResourcesBuildPhase section */
		7E46BA0A1EAC6FCA0071A59F /* Resources */ = {
			isa = PBXResourcesBuildPhase;
			buildActionMask = 2147483647;
			files = (
				7E46BA1B1EAC6FCA0071A59F /* Main.storyboard in Resources */,
				7E46BA121EAC6FCA0071A59F /* GameScene.sks in Resources */,
				7E46BA1D1EAC6FCA0071A59F /* Assets.xcassets in Resources */,
				7E46BA201EAC6FCA0071A59F /* LaunchScreen.storyboard in Resources */,
				7E46BA141EAC6FCA0071A59F /* Actions.sks in Resources */,
			);
			runOnlyForDeploymentPostprocessing = 0;
		};
		7E46BA241EAC6FCB0071A59F /* Resources */ = {
			isa = PBXResourcesBuildPhase;
			buildActionMask = 2147483647;
			files = (
			);
			runOnlyForDeploymentPostprocessing = 0;
		};
		7E46BA2F1EAC6FCB0071A59F /* Resources */ = {
			isa = PBXResourcesBuildPhase;
			buildActionMask = 2147483647;
			files = (
			);
			runOnlyForDeploymentPostprocessing = 0;
		};
/* End PBXResourcesBuildPhase section */

/* Begin PBXSourcesBuildPhase section */
		7E46BA081EAC6FCA0071A59F /* Sources */ = {
			isa = PBXSourcesBuildPhase;
			buildActionMask = 2147483647;
			files = (
				7E46BA161EAC6FCA0071A59F /* GameScene.swift in Sources */,
				7E46BA181EAC6FCA0071A59F /* GameViewController.swift in Sources */,
				7E46BA101EAC6FCA0071A59F /* AppDelegate.swift in Sources */,
			);
			runOnlyForDeploymentPostprocessing = 0;
		};
		7E46BA221EAC6FCB0071A59F /* Sources */ = {
			isa = PBXSourcesBuildPhase;
			buildActionMask = 2147483647;
			files = (
				7E46BA2B1EAC6FCB0071A59F /* FolledoHCCCPongTests.swift in Sources */,
			);
			runOnlyForDeploymentPostprocessing = 0;
		};
		7E46BA2D1EAC6FCB0071A59F /* Sources */ = {
			isa = PBXSourcesBuildPhase;
			buildActionMask = 2147483647;
			files = (
				7E46BA361EAC6FCB0071A59F /* FolledoHCCCPongUITests.swift in Sources */,
			);
			runOnlyForDeploymentPostprocessing = 0;
		};
/* End PBXSourcesBuildPhase section */

/* Begin PBXTargetDependency section */
		7E46BA281EAC6FCB0071A59F /* PBXTargetDependency */ = {
			isa = PBXTargetDependency;
			target = 7E46BA0B1EAC6FCA0071A59F /* FolledoHCCCPong */;
			targetProxy = 7E46BA271EAC6FCB0071A59F /* PBXContainerItemProxy */;
		};
		7E46BA331EAC6FCB0071A59F /* PBXTargetDependency */ = {
			isa = PBXTargetDependency;
			target = 7E46BA0B1EAC6FCA0071A59F /* FolledoHCCCPong */;
			targetProxy = 7E46BA321EAC6FCB0071A59F /* PBXContainerItemProxy */;
		};
/* End PBXTargetDependency section */

/* Begin PBXVariantGroup section */
		7E46BA191EAC6FCA0071A59F /* Main.storyboard */ = {
			isa = PBXVariantGroup;
			children = (
				7E46BA1A1EAC6FCA0071A59F /* Base */,
			);
			name = Main.storyboard;
			sourceTree = "<group>";
		};
		7E46BA1E1EAC6FCA0071A59F /* LaunchScreen.storyboard */ = {
			isa = PBXVariantGroup;
			children = (
				7E46BA1F1EAC6FCA0071A59F /* Base */,
			);
			name = LaunchScreen.storyboard;
			sourceTree = "<group>";
		};
/* End PBXVariantGroup section */

/* Begin XCBuildConfiguration section */
		7E46BA381EAC6FCB0071A59F /* Debug */ = {
			isa = XCBuildConfiguration;
			buildSettings = {
				ALWAYS_SEARCH_USER_PATHS = NO;
				CLANG_ANALYZER_NONNULL = YES;
				CLANG_ANALYZER_NUMBER_OBJECT_CONVERSION = YES_AGGRESSIVE;
				CLANG_CXX_LANGUAGE_STANDARD = "gnu++0x";
				CLANG_CXX_LIBRARY = "libc++";
				CLANG_ENABLE_MODULES = YES;
				CLANG_ENABLE_OBJC_ARC = YES;
				CLANG_WARN_BOOL_CONVERSION = YES;
				CLANG_WARN_CONSTANT_CONVERSION = YES;
				CLANG_WARN_DIRECT_OBJC_ISA_USAGE = YES_ERROR;
				CLANG_WARN_DOCUMENTATION_COMMENTS = YES;
				CLANG_WARN_EMPTY_BODY = YES;
				CLANG_WARN_ENUM_CONVERSION = YES;
				CLANG_WARN_INFINITE_RECURSION = YES;
				CLANG_WARN_INT_CONVERSION = YES;
				CLANG_WARN_OBJC_ROOT_CLASS = YES_ERROR;
				CLANG_WARN_SUSPICIOUS_MOVE = YES;
				CLANG_WARN_UNREACHABLE_CODE = YES;
				CLANG_WARN__DUPLICATE_METHOD_MATCH = YES;
				"CODE_SIGN_IDENTITY[sdk=iphoneos*]" = "iPhone Developer";
				COPY_PHASE_STRIP = NO;
				DEBUG_INFORMATION_FORMAT = dwarf;
				ENABLE_STRICT_OBJC_MSGSEND = YES;
				ENABLE_TESTABILITY = YES;
				GCC_C_LANGUAGE_STANDARD = gnu99;
				GCC_DYNAMIC_NO_PIC = NO;
				GCC_NO_COMMON_BLOCKS = YES;
				GCC_OPTIMIZATION_LEVEL = 0;
				GCC_PREPROCESSOR_DEFINITIONS = (
					"DEBUG=1",
					"$(inherited)",
				);
				GCC_WARN_64_TO_32_BIT_CONVERSION = YES;
				GCC_WARN_ABOUT_RETURN_TYPE = YES_ERROR;
				GCC_WARN_UNDECLARED_SELECTOR = YES;
				GCC_WARN_UNINITIALIZED_AUTOS = YES_AGGRESSIVE;
				GCC_WARN_UNUSED_FUNCTION = YES;
				GCC_WARN_UNUSED_VARIABLE = YES;
				IPHONEOS_DEPLOYMENT_TARGET = 10.3;
				MTL_ENABLE_DEBUG_INFO = YES;
				ONLY_ACTIVE_ARCH = YES;
				SDKROOT = iphoneos;
				SWIFT_ACTIVE_COMPILATION_CONDITIONS = DEBUG;
				SWIFT_OPTIMIZATION_LEVEL = "-Onone";
				TARGETED_DEVICE_FAMILY = 2;
			};
			name = Debug;
		};
		7E46BA391EAC6FCB0071A59F /* Release */ = {
			isa = XCBuildConfiguration;
			buildSettings = {
				ALWAYS_SEARCH_USER_PATHS = NO;
				CLANG_ANALYZER_NONNULL = YES;
				CLANG_ANALYZER_NUMBER_OBJECT_CONVERSION = YES_AGGRESSIVE;
				CLANG_CXX_LANGUAGE_STANDARD = "gnu++0x";
				CLANG_CXX_LIBRARY = "libc++";
				CLANG_ENABLE_MODULES = YES;
				CLANG_ENABLE_OBJC_ARC = YES;
				CLANG_WARN_BOOL_CONVERSION = YES;
				CLANG_WARN_CONSTANT_CONVERSION = YES;
				CLANG_WARN_DIRECT_OBJC_ISA_USAGE = YES_ERROR;
				CLANG_WARN_DOCUMENTATION_COMMENTS = YES;
				CLANG_WARN_EMPTY_BODY = YES;
				CLANG_WARN_ENUM_CONVERSION = YES;
				CLANG_WARN_INFINITE_RECURSION = YES;
				CLANG_WARN_INT_CONVERSION = YES;
				CLANG_WARN_OBJC_ROOT_CLASS = YES_ERROR;
				CLANG_WARN_SUSPICIOUS_MOVE = YES;
				CLANG_WARN_UNREACHABLE_CODE = YES;
				CLANG_WARN__DUPLICATE_METHOD_MATCH = YES;
				"CODE_SIGN_IDENTITY[sdk=iphoneos*]" = "iPhone Developer";
				COPY_PHASE_STRIP = NO;
				DEBUG_INFORMATION_FORMAT = "dwarf-with-dsym";
				ENABLE_NS_ASSERTIONS = NO;
				ENABLE_STRICT_OBJC_MSGSEND = YES;
				GCC_C_LANGUAGE_STANDARD = gnu99;
				GCC_NO_COMMON_BLOCKS = YES;
				GCC_WARN_64_TO_32_BIT_CONVERSION = YES;
				GCC_WARN_ABOUT_RETURN_TYPE = YES_ERROR;
				GCC_WARN_UNDECLARED_SELECTOR = YES;
				GCC_WARN_UNINITIALIZED_AUTOS = YES_AGGRESSIVE;
				GCC_WARN_UNUSED_FUNCTION = YES;
				GCC_WARN_UNUSED_VARIABLE = YES;
				IPHONEOS_DEPLOYMENT_TARGET = 10.3;
				MTL_ENABLE_DEBUG_INFO = NO;
				SDKROOT = iphoneos;
				SWIFT_OPTIMIZATION_LEVEL = "-Owholemodule";
				TARGETED_DEVICE_FAMILY = 2;
				VALIDATE_PRODUCT = YES;
			};
			name = Release;
		};
		7E46BA3B1EAC6FCB0071A59F /* Debug */ = {
			isa = XCBuildConfiguration;
			buildSettings = {
				ASSETCATALOG_COMPILER_APPICON_NAME = AppIcon;
				DEVELOPMENT_TEAM = 8KSKUH7X29;
				INFOPLIST_FILE = FolledoHCCCPong/Info.plist;
				IPHONEOS_DEPLOYMENT_TARGET = 10.3;
				LD_RUNPATH_SEARCH_PATHS = "$(inherited) @executable_path/Frameworks";
				PRODUCT_BUNDLE_IDENTIFIER = FolledoSwag.FolledoHCCCPong;
				PRODUCT_NAME = "$(TARGET_NAME)";
				SWIFT_VERSION = 3.0;
			};
			name = Debug;
		};
		7E46BA3C1EAC6FCB0071A59F /* Release */ = {
			isa = XCBuildConfiguration;
			buildSettings = {
				ASSETCATALOG_COMPILER_APPICON_NAME = AppIcon;
				DEVELOPMENT_TEAM = 8KSKUH7X29;
				INFOPLIST_FILE = FolledoHCCCPong/Info.plist;
				IPHONEOS_DEPLOYMENT_TARGET = 10.3;
				LD_RUNPATH_SEARCH_PATHS = "$(inherited) @executable_path/Frameworks";
				PRODUCT_BUNDLE_IDENTIFIER = FolledoSwag.FolledoHCCCPong;
				PRODUCT_NAME = "$(TARGET_NAME)";
				SWIFT_VERSION = 3.0;
			};
			name = Release;
		};
		7E46BA3E1EAC6FCB0071A59F /* Debug */ = {
			isa = XCBuildConfiguration;
			buildSettings = {
				ALWAYS_EMBED_SWIFT_STANDARD_LIBRARIES = YES;
				BUNDLE_LOADER = "$(TEST_HOST)";
				DEVELOPMENT_TEAM = 8KSKUH7X29;
				INFOPLIST_FILE = FolledoHCCCPongTests/Info.plist;
				LD_RUNPATH_SEARCH_PATHS = "$(inherited) @executable_path/Frameworks @loader_path/Frameworks";
				PRODUCT_BUNDLE_IDENTIFIER = FolledoSwag.FolledoHCCCPongTests;
				PRODUCT_NAME = "$(TARGET_NAME)";
				SWIFT_VERSION = 3.0;
				TEST_HOST = "$(BUILT_PRODUCTS_DIR)/FolledoHCCCPong.app/FolledoHCCCPong";
			};
			name = Debug;
		};
		7E46BA3F1EAC6FCB0071A59F /* Release */ = {
			isa = XCBuildConfiguration;
			buildSettings = {
				ALWAYS_EMBED_SWIFT_STANDARD_LIBRARIES = YES;
				BUNDLE_LOADER = "$(TEST_HOST)";
				DEVELOPMENT_TEAM = 8KSKUH7X29;
				INFOPLIST_FILE = FolledoHCCCPongTests/Info.plist;
				LD_RUNPATH_SEARCH_PATHS = "$(inherited) @executable_path/Frameworks @loader_path/Frameworks";
				PRODUCT_BUNDLE_IDENTIFIER = FolledoSwag.FolledoHCCCPongTests;
				PRODUCT_NAME = "$(TARGET_NAME)";
				SWIFT_VERSION = 3.0;
				TEST_HOST = "$(BUILT_PRODUCTS_DIR)/FolledoHCCCPong.app/FolledoHCCCPong";
			};
			name = Release;
		};
		7E46BA411EAC6FCB0071A59F /* Debug */ = {
			isa = XCBuildConfiguration;
			buildSettings = {
				ALWAYS_EMBED_SWIFT_STANDARD_LIBRARIES = YES;
				DEVELOPMENT_TEAM = 8KSKUH7X29;
				INFOPLIST_FILE = FolledoHCCCPongUITests/Info.plist;
				LD_RUNPATH_SEARCH_PATHS = "$(inherited) @executable_path/Frameworks @loader_path/Frameworks";
				PRODUCT_BUNDLE_IDENTIFIER = FolledoSwag.FolledoHCCCPongUITests;
				PRODUCT_NAME = "$(TARGET_NAME)";
				SWIFT_VERSION = 3.0;
				TEST_TARGET_NAME = FolledoHCCCPong;
			};
			name = Debug;
		};
		7E46BA421EAC6FCB0071A59F /* Release */ = {
			isa = XCBuildConfiguration;
			buildSettings = {
				ALWAYS_EMBED_SWIFT_STANDARD_LIBRARIES = YES;
				DEVELOPMENT_TEAM = 8KSKUH7X29;
				INFOPLIST_FILE = FolledoHCCCPongUITests/Info.plist;
				LD_RUNPATH_SEARCH_PATHS = "$(inherited) @executable_path/Frameworks @loader_path/Frameworks";
				PRODUCT_BUNDLE_IDENTIFIER = FolledoSwag.FolledoHCCCPongUITests;
				PRODUCT_NAME = "$(TARGET_NAME)";
				SWIFT_VERSION = 3.0;
				TEST_TARGET_NAME = FolledoHCCCPong;
			};
			name = Release;
		};
/* End XCBuildConfiguration section */

/* Begin XCConfigurationList section */
		7E46BA071EAC6FCA0071A59F /* Build configuration list for PBXProject "FolledoHCCCPong" */ = {
			isa = XCConfigurationList;
			buildConfigurations = (
				7E46BA381EAC6FCB0071A59F /* Debug */,
				7E46BA391EAC6FCB0071A59F /* Release */,
			);
			defaultConfigurationIsVisible = 0;
			defaultConfigurationName = Release;
		};
		7E46BA3A1EAC6FCB0071A59F /* Build configuration list for PBXNativeTarget "FolledoHCCCPong" */ = {
			isa = XCConfigurationList;
			buildConfigurations = (
				7E46BA3B1EAC6FCB0071A59F /* Debug */,
				7E46BA3C1EAC6FCB0071A59F /* Release */,
			);
			defaultConfigurationIsVisible = 0;
		};
		7E46BA3D1EAC6FCB0071A59F /* Build configuration list for PBXNativeTarget "FolledoHCCCPongTests" */ = {
			isa = XCConfigurationList;
			buildConfigurations = (
				7E46BA3E1EAC6FCB0071A59F /* Debug */,
				7E46BA3F1EAC6FCB0071A59F /* Release */,
			);
			defaultConfigurationIsVisible = 0;
		};
		7E46BA401EAC6FCB0071A59F /* Build configuration list for PBXNativeTarget "FolledoHCCCPongUITests" */ = {
			isa = XCConfigurationList;
			buildConfigurations = (
				7E46BA411EAC6FCB0071A59F /* Debug */,
				7E46BA421EAC6FCB0071A59F /* Release */,
			);
			defaultConfigurationIsVisible = 0;
		};
/* End XCConfigurationList section */
	};
	rootObject = 7E46BA041EAC6FCA0071A59F /* Project object */;
}
